# @generated - this file is auto-generated by `mise lock` https://mise.en.dev/dev-tools/mise-lock.html

[[tools.flux2]]
version = "2.9.0"
backend = "aqua:fluxcd/flux2"

[tools.flux2."platforms.linux-arm64"]
checksum = "sha256:76b4ed5535c04c32789743d7d2c29d1f7b5b3a4a269ef305c4c9757029ecce2a"
url = "https://github.com/fluxcd/flux2/releases/download/v2.9.0/flux_2.9.0_linux_arm64.tar.gz"

[tools.flux2."platforms.linux-arm64".provenance.slsa]
url = "https://github.com/fluxcd/flux2/releases/download/v2.9.0/provenance.intoto.jsonl"

[tools.flux2."platforms.linux-arm64-musl"]
checksum = "sha256:76b4ed5535c04c32789743d7d2c29d1f7b5b3a4a269ef305c4c9757029ecce2a"
url = "https://github.com/fluxcd/flux2/releases/download/v2.9.0/flux_2.9.0_linux_arm64.tar.gz"

[tools.flux2."platforms.linux-arm64-musl".provenance.slsa]
url = "https://github.com/fluxcd/flux2/releases/download/v2.9.0/provenance.intoto.jsonl"

[tools.flux2."platforms.linux-x64"]
checksum = "sha256:7aa9779fc7ec6d030e609dab7dbed8c6fc9e3a7f4670834ad02369268aaf341f"
url = "https://github.com/fluxcd/flux2/releases/download/v2.9.0/flux_2.9.0_linux_amd64.tar.gz"

[tools.flux2."platforms.linux-x64".provenance.slsa]
url = "https://github.com/fluxcd/flux2/releases/download/v2.9.0/provenance.intoto.jsonl"

[tools.flux2."platforms.linux-x64-musl"]
checksum = "sha256:7aa9779fc7ec6d030e609dab7dbed8c6fc9e3a7f4670834ad02369268aaf341f"
url = "https://github.com/fluxcd/flux2/releases/download/v2.9.0/flux_2.9.0_linux_amd64.tar.gz"

[tools.flux2."platforms.linux-x64-musl".provenance.slsa]
url = "https://github.com/fluxcd/flux2/releases/download/v2.9.0/provenance.intoto.jsonl"

[tools.flux2."platforms.macos-arm64"]
checksum = "sha256:b69f857a632683c38531093743a08be00bf172ea1eae65118f11c560b42f6466"
url = "https://github.com/fluxcd/flux2/releases/download/v2.9.0/flux_2.9.0_darwin_arm64.tar.gz"

[tools.flux2."platforms.macos-arm64".provenance.slsa]
url = "https://github.com/fluxcd/flux2/releases/download/v2.9.0/provenance.intoto.jsonl"

[tools.flux2."platforms.macos-x64"]
checksum = "sha256:f6b22502360a530d440f622a52753d8d152953bbf972dbae23fe25a0ad3447cb"
url = "https://github.com/fluxcd/flux2/releases/download/v2.9.0/flux_2.9.0_darwin_amd64.tar.gz"

[tools.flux2."platforms.macos-x64".provenance.slsa]
url = "https://github.com/fluxcd/flux2/releases/download/v2.9.0/provenance.intoto.jsonl"

[tools.flux2."platforms.windows-x64"]
checksum = "sha256:9d0a60c8398b13b2edce23ff36b3fac0166ad0a829ff9ead0d5ddcf8aac8f8c6"
url = "https://github.com/fluxcd/flux2/releases/download/v2.9.0/flux_2.9.0_windows_amd64.zip"

[tools.flux2."platforms.windows-x64".provenance.slsa]
url = "https://github.com/fluxcd/flux2/releases/download/v2.9.0/provenance.intoto.jsonl"
